
Microsoft Visual Studio Solution File, Format Version 12.00
# Visual Studio 14
VisualStudioVersion = 14.0.24720.0
MinimumVisualStudioVersion = 10.0.40219.1
Project("{8BC9CEB8-8B4A-11D0-8D11-00A0C91BC942}") = "Math", "Math\Math.vcxproj", "{A97C2360-55DC-4B93-927E-3370C28F45E8}"
	ProjectSection(ProjectDependencies) = postProject
		{7FD97360-B23C-4F0F-928A-D08A6A54F544} = {7FD97360-B23C-4F0F-928A-D08A6A54F544}
	EndProjectSection
EndProject
Project("{8BC9CEB8-8B4A-11D0-8D11-00A0C91BC942}") = "Optimizer", "Optimizer\Optimizer.vcxproj", "{EDACD6C9-BA5B-4230-A88E-FEF3F122522F}"
	ProjectSection(ProjectDependencies) = postProject
		{A97C2360-55DC-4B93-927E-3370C28F45E8} = {A97C2360-55DC-4B93-927E-3370C28F45E8}
		{7FD97360-B23C-4F0F-928A-D08A6A54F544} = {7FD97360-B23C-4F0F-928A-D08A6A54F544}
		{FE25EF73-2C8F-403C-B12E-9AAA4F50B073} = {FE25EF73-2C8F-403C-B12E-9AAA4F50B073}
	EndProjectSection
EndProject
Project("{8BC9CEB8-8B4A-11D0-8D11-00A0C91BC942}") = "UnitTester", "UnitTester\UnitTester.vcxproj", "{6B4FE1AD-37C0-4167-A55A-8C404053CFDA}"
	ProjectSection(ProjectDependencies) = postProject
		{A97C2360-55DC-4B93-927E-3370C28F45E8} = {A97C2360-55DC-4B93-927E-3370C28F45E8}
		{7FD97360-B23C-4F0F-928A-D08A6A54F544} = {7FD97360-B23C-4F0F-928A-D08A6A54F544}
		{FE25EF73-2C8F-403C-B12E-9AAA4F50B073} = {FE25EF73-2C8F-403C-B12E-9AAA4F50B073}
		{EDACD6C9-BA5B-4230-A88E-FEF3F122522F} = {EDACD6C9-BA5B-4230-A88E-FEF3F122522F}
		{E231C2D4-E987-45DE-A495-9D67FACBBDEF} = {E231C2D4-E987-45DE-A495-9D67FACBBDEF}
	EndProjectSection
EndProject
Project("{8BC9CEB8-8B4A-11D0-8D11-00A0C91BC942}") = "Example", "Example\Example.vcxproj", "{8F5E61A5-CF47-411A-93B2-3F0D244B822F}"
EndProject
Project("{8BC9CEB8-8B4A-11D0-8D11-00A0C91BC942}") = "Dynamics", "Dynamics\Dynamics.vcxproj", "{FE25EF73-2C8F-403C-B12E-9AAA4F50B073}"
	ProjectSection(ProjectDependencies) = postProject
		{A97C2360-55DC-4B93-927E-3370C28F45E8} = {A97C2360-55DC-4B93-927E-3370C28F45E8}
		{7FD97360-B23C-4F0F-928A-D08A6A54F544} = {7FD97360-B23C-4F0F-928A-D08A6A54F544}
	EndProjectSection
EndProject
Project("{8BC9CEB8-8B4A-11D0-8D11-00A0C91BC942}") = "Utils", "Utils\Utils.vcxproj", "{7FD97360-B23C-4F0F-928A-D08A6A54F544}"
EndProject
Project("{8BC9CEB8-8B4A-11D0-8D11-00A0C91BC942}") = "Renderer", "Renderer\Renderer.vcxproj", "{8A31C70E-9E73-427B-9FFB-16A1D001D55F}"
EndProject
Project("{8BC9CEB8-8B4A-11D0-8D11-00A0C91BC942}") = "TimeOptimization", "TimeOptimization\TimeOptimization.vcxproj", "{E231C2D4-E987-45DE-A495-9D67FACBBDEF}"
	ProjectSection(ProjectDependencies) = postProject
		{A97C2360-55DC-4B93-927E-3370C28F45E8} = {A97C2360-55DC-4B93-927E-3370C28F45E8}
		{7FD97360-B23C-4F0F-928A-D08A6A54F544} = {7FD97360-B23C-4F0F-928A-D08A6A54F544}
		{FE25EF73-2C8F-403C-B12E-9AAA4F50B073} = {FE25EF73-2C8F-403C-B12E-9AAA4F50B073}
	EndProjectSection
EndProject
Global
	GlobalSection(SolutionConfigurationPlatforms) = preSolution
		Debug|x64 = Debug|x64
		Debug|x86 = Debug|x86
		Release|x64 = Release|x64
		Release|x86 = Release|x86
	EndGlobalSection
	GlobalSection(ProjectConfigurationPlatforms) = postSolution
		{A97C2360-55DC-4B93-927E-3370C28F45E8}.Debug|x64.ActiveCfg = Debug|x64
		{A97C2360-55DC-4B93-927E-3370C28F45E8}.Debug|x64.Build.0 = Debug|x64
		{A97C2360-55DC-4B93-927E-3370C28F45E8}.Debug|x86.ActiveCfg = Debug|Win32
		{A97C2360-55DC-4B93-927E-3370C28F45E8}.Debug|x86.Build.0 = Debug|Win32
		{A97C2360-55DC-4B93-927E-3370C28F45E8}.Release|x64.ActiveCfg = Release|x64
		{A97C2360-55DC-4B93-927E-3370C28F45E8}.Release|x64.Build.0 = Release|x64
		{A97C2360-55DC-4B93-927E-3370C28F45E8}.Release|x86.ActiveCfg = Release|Win32
		{A97C2360-55DC-4B93-927E-3370C28F45E8}.Release|x86.Build.0 = Release|Win32
		{EDACD6C9-BA5B-4230-A88E-FEF3F122522F}.Debug|x64.ActiveCfg = Debug|x64
		{EDACD6C9-BA5B-4230-A88E-FEF3F122522F}.Debug|x64.Build.0 = Debug|x64
		{EDACD6C9-BA5B-4230-A88E-FEF3F122522F}.Debug|x86.ActiveCfg = Debug|Win32
		{EDACD6C9-BA5B-4230-A88E-FEF3F122522F}.Debug|x86.Build.0 = Debug|Win32
		{EDACD6C9-BA5B-4230-A88E-FEF3F122522F}.Release|x64.ActiveCfg = Release|x64
		{EDACD6C9-BA5B-4230-A88E-FEF3F122522F}.Release|x64.Build.0 = Release|x64
		{EDACD6C9-BA5B-4230-A88E-FEF3F122522F}.Release|x86.ActiveCfg = Release|Win32
		{EDACD6C9-BA5B-4230-A88E-FEF3F122522F}.Release|x86.Build.0 = Release|Win32
		{6B4FE1AD-37C0-4167-A55A-8C404053CFDA}.Debug|x64.ActiveCfg = Debug|x64
		{6B4FE1AD-37C0-4167-A55A-8C404053CFDA}.Debug|x64.Build.0 = Debug|x64
		{6B4FE1AD-37C0-4167-A55A-8C404053CFDA}.Debug|x86.ActiveCfg = Debug|Win32
		{6B4FE1AD-37C0-4167-A55A-8C404053CFDA}.Debug|x86.Build.0 = Debug|Win32
		{6B4FE1AD-37C0-4167-A55A-8C404053CFDA}.Release|x64.ActiveCfg = Release|x64
		{6B4FE1AD-37C0-4167-A55A-8C404053CFDA}.Release|x64.Build.0 = Release|x64
		{6B4FE1AD-37C0-4167-A55A-8C404053CFDA}.Release|x86.ActiveCfg = Release|Win32
		{6B4FE1AD-37C0-4167-A55A-8C404053CFDA}.Release|x86.Build.0 = Release|Win32
		{8F5E61A5-CF47-411A-93B2-3F0D244B822F}.Debug|x64.ActiveCfg = Debug|x64
		{8F5E61A5-CF47-411A-93B2-3F0D244B822F}.Debug|x64.Build.0 = Debug|x64
		{8F5E61A5-CF47-411A-93B2-3F0D244B822F}.Debug|x86.ActiveCfg = Debug|Win32
		{8F5E61A5-CF47-411A-93B2-3F0D244B822F}.Debug|x86.Build.0 = Debug|Win32
		{8F5E61A5-CF47-411A-93B2-3F0D244B822F}.Release|x64.ActiveCfg = Release|x64
		{8F5E61A5-CF47-411A-93B2-3F0D244B822F}.Release|x64.Build.0 = Release|x64
		{8F5E61A5-CF47-411A-93B2-3F0D244B822F}.Release|x86.ActiveCfg = Release|Win32
		{8F5E61A5-CF47-411A-93B2-3F0D244B822F}.Release|x86.Build.0 = Release|Win32
		{FE25EF73-2C8F-403C-B12E-9AAA4F50B073}.Debug|x64.ActiveCfg = Debug|x64
		{FE25EF73-2C8F-403C-B12E-9AAA4F50B073}.Debug|x64.Build.0 = Debug|x64
		{FE25EF73-2C8F-403C-B12E-9AAA4F50B073}.Debug|x86.ActiveCfg = Debug|Win32
		{FE25EF73-2C8F-403C-B12E-9AAA4F50B073}.Debug|x86.Build.0 = Debug|Win32
		{FE25EF73-2C8F-403C-B12E-9AAA4F50B073}.Release|x64.ActiveCfg = Release|x64
		{FE25EF73-2C8F-403C-B12E-9AAA4F50B073}.Release|x64.Build.0 = Release|x64
		{FE25EF73-2C8F-403C-B12E-9AAA4F50B073}.Release|x86.ActiveCfg = Release|Win32
		{FE25EF73-2C8F-403C-B12E-9AAA4F50B073}.Release|x86.Build.0 = Release|Win32
		{7FD97360-B23C-4F0F-928A-D08A6A54F544}.Debug|x64.ActiveCfg = Debug|x64
		{7FD97360-B23C-4F0F-928A-D08A6A54F544}.Debug|x64.Build.0 = Debug|x64
		{7FD97360-B23C-4F0F-928A-D08A6A54F544}.Debug|x86.ActiveCfg = Debug|Win32
		{7FD97360-B23C-4F0F-928A-D08A6A54F544}.Debug|x86.Build.0 = Debug|Win32
		{7FD97360-B23C-4F0F-928A-D08A6A54F544}.Release|x64.ActiveCfg = Release|x64
		{7FD97360-B23C-4F0F-928A-D08A6A54F544}.Release|x64.Build.0 = Release|x64
		{7FD97360-B23C-4F0F-928A-D08A6A54F544}.Release|x86.ActiveCfg = Release|Win32
		{7FD97360-B23C-4F0F-928A-D08A6A54F544}.Release|x86.Build.0 = Release|Win32
		{8A31C70E-9E73-427B-9FFB-16A1D001D55F}.Debug|x64.ActiveCfg = Debug|x64
		{8A31C70E-9E73-427B-9FFB-16A1D001D55F}.Debug|x64.Build.0 = Debug|x64
		{8A31C70E-9E73-427B-9FFB-16A1D001D55F}.Debug|x86.ActiveCfg = Debug|Win32
		{8A31C70E-9E73-427B-9FFB-16A1D001D55F}.Debug|x86.Build.0 = Debug|Win32
		{8A31C70E-9E73-427B-9FFB-16A1D001D55F}.Release|x64.ActiveCfg = Release|x64
		{8A31C70E-9E73-427B-9FFB-16A1D001D55F}.Release|x64.Build.0 = Release|x64
		{8A31C70E-9E73-427B-9FFB-16A1D001D55F}.Release|x86.ActiveCfg = Release|Win32
		{8A31C70E-9E73-427B-9FFB-16A1D001D55F}.Release|x86.Build.0 = Release|Win32
		{E231C2D4-E987-45DE-A495-9D67FACBBDEF}.Debug|x64.ActiveCfg = Debug|x64
		{E231C2D4-E987-45DE-A495-9D67FACBBDEF}.Debug|x64.Build.0 = Debug|x64
		{E231C2D4-E987-45DE-A495-9D67FACBBDEF}.Debug|x86.ActiveCfg = Debug|Win32
		{E231C2D4-E987-45DE-A495-9D67FACBBDEF}.Debug|x86.Build.0 = Debug|Win32
		{E231C2D4-E987-45DE-A495-9D67FACBBDEF}.Release|x64.ActiveCfg = Release|x64
		{E231C2D4-E987-45DE-A495-9D67FACBBDEF}.Release|x64.Build.0 = Release|x64
		{E231C2D4-E987-45DE-A495-9D67FACBBDEF}.Release|x86.ActiveCfg = Release|Win32
		{E231C2D4-E987-45DE-A495-9D67FACBBDEF}.Release|x86.Build.0 = Release|Win32
	EndGlobalSection
	GlobalSection(SolutionProperties) = preSolution
		HideSolutionNode = FALSE
	EndGlobalSection
EndGlobal
